// !$*UTF8*$!
{
	archiveVersion = 1;
	classes = {
	};
	objectVersion = 46;
	objects = {

/* Begin PBXBuildFile section */
		1FD571871B16534000DBBC76 /* AppDelegate.swift in Sources */ = {isa = PBXBuildFile; fileRef = 1FD571861B16534000DBBC76 /* AppDelegate.swift */; };
		1FD5718E1B16534000DBBC76 /* Images.xcassets in Resources */ = {isa = PBXBuildFile; fileRef = 1FD5718D1B16534000DBBC76 /* Images.xcassets */; };
		1FD571911B16534000DBBC76 /* LaunchScreen.xib in Resources */ = {isa = PBXBuildFile; fileRef = 1FD5718F1B16534000DBBC76 /* LaunchScreen.xib */; };
		1FD5719D1B16534100DBBC76 /* TouchTrackerTests.swift in Sources */ = {isa = PBXBuildFile; fileRef = 1FD5719C1B16534100DBBC76 /* TouchTrackerTests.swift */; };
		1FD571A71B16538B00DBBC76 /* BNRLine.swift in Sources */ = {isa = PBXBuildFile; fileRef = 1FD571A61B16538B00DBBC76 /* BNRLine.swift */; };
		1FD571A91B1653CE00DBBC76 /* BNRDrawView.swift in Sources */ = {isa = PBXBuildFile; fileRef = 1FD571A81B1653CE00DBBC76 /* BNRDrawView.swift */; };
		1FD571AB1B16540000DBBC76 /* BNRDrawViewController.swift in Sources */ = {isa = PBXBuildFile; fileRef = 1FD571AA1B16540000DBBC76 /* BNRDrawViewController.swift */; };
/* End PBXBuildFile section */

/* Begin PBXContainerItemProxy section */
		1FD571971B16534100DBBC76 /* PBXContainerItemProxy */ = {
			isa = PBXContainerItemProxy;
			containerPortal = 1FD571791B16534000DBBC76 /* Project object */;
			proxyType = 1;
			remoteGlobalIDString = 1FD571801B16534000DBBC76;
			remoteInfo = TouchTracker;
		};
/* End PBXContainerItemProxy section */

/* Begin PBXFileReference section */
		1FD571811B16534000DBBC76 /* TouchTracker.app */ = {isa = PBXFileReference; explicitFileType = wrapper.application; includeInIndex = 0; path = TouchTracker.app; sourceTree = BUILT_PRODUCTS_DIR; };
		1FD571851B16534000DBBC76 /* Info.plist */ = {isa = PBXFileReference; lastKnownFileType = text.plist.xml; path = Info.plist; sourceTree = "<group>"; };
		1FD571861B16534000DBBC76 /* AppDelegate.swift */ = {isa = PBXFileReference; lastKnownFileType = sourcecode.swift; path = AppDelegate.swift; sourceTree = "<group>"; };
		1FD5718D1B16534000DBBC76 /* Images.xcassets */ = {isa = PBXFileReference; lastKnownFileType = folder.assetcatalog; path = Images.xcassets; sourceTree = "<group>"; };
		1FD571901B16534000DBBC76 /* Base */ = {isa = PBXFileReference; lastKnownFileType = file.xib; name = Base; path = Base.lproj/LaunchScreen.xib; sourceTree = "<group>"; };
		1FD571961B16534100DBBC76 /* TouchTrackerTests.xctest */ = {isa = PBXFileReference; explicitFileType = wrapper.cfbundle; includeInIndex = 0; path = TouchTrackerTests.xctest; sourceTree = BUILT_PRODUCTS_DIR; };
		1FD5719B1B16534100DBBC76 /* Info.plist */ = {isa = PBXFileReference; lastKnownFileType = text.plist.xml; path = Info.plist; sourceTree = "<group>"; };
		1FD5719C1B16534100DBBC76 /* TouchTrackerTests.swift */ = {isa = PBXFileReference; lastKnownFileType = sourcecode.swift; path = TouchTrackerTests.swift; sourceTree = "<group>"; };
		1FD571A61B16538B00DBBC76 /* BNRLine.swift */ = {isa = PBXFileReference; fileEncoding = 4; lastKnownFileType = sourcecode.swift; path = BNRLine.swift; sourceTree = "<group>"; };
		1FD571A81B1653CE00DBBC76 /* BNRDrawView.swift */ = {isa = PBXFileReference; fileEncoding = 4; lastKnownFileType = sourcecode.swift; path = BNRDrawView.swift; sourceTree = "<group>"; };
		1FD571AA1B16540000DBBC76 /* BNRDrawViewController.swift */ = {isa = PBXFileReference; fileEncoding = 4; lastKnownFileType = sourcecode.swift; path = BNRDrawViewController.swift; sourceTree = "<group>"; };
/* End PBXFileReference section */

/* Begin PBXFrameworksBuildPhase section */
		1FD5717E1B16534000DBBC76 /* Frameworks */ = {
			isa = PBXFrameworksBuildPhase;
			buildActionMask = 2147483647;
			files = (
			);
			runOnlyForDeploymentPostprocessing = 0;
		};
		1FD571931B16534100DBBC76 /* Frameworks */ = {
			isa = PBXFrameworksBuildPhase;
			buildActionMask = 2147483647;
			files = (
			);
			runOnlyForDeploymentPostprocessing = 0;
		};
/* End PBXFrameworksBuildPhase section */

/* Begin PBXGroup section */
		1FD571781B16534000DBBC76 = {
			isa = PBXGroup;
			children = (
				1FD571831B16534000DBBC76 /* TouchTracker */,
				1FD571991B16534100DBBC76 /* TouchTrackerTests */,
				1FD571821B16534000DBBC76 /* Products */,
			);
			sourceTree = "<group>";
		};
		1FD571821B16534000DBBC76 /* Products */ = {
			isa = PBXGroup;
			children = (
				1FD571811B16534000DBBC76 /* TouchTracker.app */,
				1FD571961B16534100DBBC76 /* TouchTrackerTests.xctest */,
			);
			name = Products;
			sourceTree = "<group>";
		};
		1FD571831B16534000DBBC76 /* TouchTracker */ = {
			isa = PBXGroup;
			children = (
				1FD571861B16534000DBBC76 /* AppDelegate.swift */,
				1FD571A61B16538B00DBBC76 /* BNRLine.swift */,
				1FD571A81B1653CE00DBBC76 /* BNRDrawView.swift */,
				1FD571AA1B16540000DBBC76 /* BNRDrawViewController.swift */,
				1FD5718D1B16534000DBBC76 /* Images.xcassets */,
				1FD5718F1B16534000DBBC76 /* LaunchScreen.xib */,
				1FD571841B16534000DBBC76 /* Supporting Files */,
			);
			path = TouchTracker;
			sourceTree = "<group>";
		};
		1FD571841B16534000DBBC76 /* Supporting Files */ = {
			isa = PBXGroup;
			children = (
				1FD571851B16534000DBBC76 /* Info.plist */,
			);
			name = "Supporting Files";
			sourceTree = "<group>";
		};
		1FD571991B16534100DBBC76 /* TouchTrackerTests */ = {
			isa = PBXGroup;
			children = (
				1FD5719C1B16534100DBBC76 /* TouchTrackerTests.swift */,
				1FD5719A1B16534100DBBC76 /* Supporting Files */,
			);
			path = TouchTrackerTests;
			sourceTree = "<group>";
		};
		1FD5719A1B16534100DBBC76 /* Supporting Files */ = {
			isa = PBXGroup;
			children = (
				1FD5719B1B16534100DBBC76 /* Info.plist */,
			);
			name = "Supporting Files";
			sourceTree = "<group>";
		};
/* End PBXGroup section */

/* Begin PBXNativeTarget section */
		1FD571801B16534000DBBC76 /* TouchTracker */ = {
			isa = PBXNativeTarget;
			buildConfigurationList = 1FD571A01B16534100DBBC76 /* Build configuration list for PBXNativeTarget "TouchTracker" */;
			buildPhases = (
				1FD5717D1B16534000DBBC76 /* Sources */,
				1FD5717E1B16534000DBBC76 /* Frameworks */,
				1FD5717F1B16534000DBBC76 /* Resources */,
			);
			buildRules = (
			);
			dependencies = (
			);
			name = TouchTracker;
			productName = TouchTracker;
			productReference = 1FD571811B16534000DBBC76 /* TouchTracker.app */;
			productType = "com.apple.product-type.application";
		};
		1FD571951B16534100DBBC76 /* TouchTrackerTests */ = {
			isa = PBXNativeTarget;
			buildConfigurationList = 1FD571A31B16534100DBBC76 /* Build configuration list for PBXNativeTarget "TouchTrackerTests" */;
			buildPhases = (
				1FD571921B16534100DBBC76 /* Sources */,
				1FD571931B16534100DBBC76 /* Frameworks */,
				1FD571941B16534100DBBC76 /* Resources */,
			);
			buildRules = (
			);
			dependencies = (
				1FD571981B16534100DBBC76 /* PBXTargetDependency */,
			);
			name = TouchTrackerTests;
			productName = TouchTrackerTests;
			productReference = 1FD571961B16534100DBBC76 /* TouchTrackerTests.xctest */;
			productType = "com.apple.product-type.bundle.unit-test";
		};
/* End PBXNativeTarget section */

/* Begin PBXProject section */
		1FD571791B16534000DBBC76 /* Project object */ = {
			isa = PBXProject;
			attributes = {
				LastUpgradeCheck = 0630;
				ORGANIZATIONNAME = madsid;
				TargetAttributes = {
					1FD571801B16534000DBBC76 = {
						CreatedOnToolsVersion = 6.3.1;
					};
					1FD571951B16534100DBBC76 = {
						CreatedOnToolsVersion = 6.3.1;
						TestTargetID = 1FD571801B16534000DBBC76;
					};
				};
			};
			buildConfigurationList = 1FD5717C1B16534000DBBC76 /* Build configuration list for PBXProject "TouchTracker" */;
			compatibilityVersion = "Xcode 3.2";
			developmentRegion = English;
			hasScannedForEncodings = 0;
			knownRegions = (
				en,
				Base,
			);
			mainGroup = 1FD571781B16534000DBBC76;
			productRefGroup = 1FD571821B16534000DBBC76 /* Products */;
			projectDirPath = "";
			projectRoot = "";
			targets = (
				1FD571801B16534000DBBC76 /* TouchTracker */,
				1FD571951B16534100DBBC76 /* TouchTrackerTests */,
			);
		};
/* End PBXProject section */

/* Begin PBXResourcesBuildPhase section */
		1FD5717F1B16534000DBBC76 /* Resources */ = {
			isa = PBXResourcesBuildPhase;
			buildActionMask = 2147483647;
			files = (
				1FD571911B16534000DBBC76 /* LaunchScreen.xib in Resources */,
				1FD5718E1B16534000DBBC76 /* Images.xcassets in Resources */,
			);
			runOnlyForDeploymentPostprocessing = 0;
		};
		1FD571941B16534100DBBC76 /* Resources */ = {
			isa = PBXResourcesBuildPhase;
			buildActionMask = 2147483647;
			files = (
			);
			runOnlyForDeploymentPostprocessing = 0;
		};
/* End PBXResourcesBuildPhase section */

/* Begin PBXSourcesBuildPhase section */
		1FD5717D1B16534000DBBC76 /* Sources */ = {
			isa = PBXSourcesBuildPhase;
			buildActionMask = 2147483647;
			files = (
				1FD571A91B1653CE00DBBC76 /* BNRDrawView.swift in Sources */,
				1FD571AB1B16540000DBBC76 /* BNRDrawViewController.swift in Sources */,
				1FD571A71B16538B00DBBC76 /* BNRLine.swift in Sources */,
				1FD571871B16534000DBBC76 /* AppDelegate.swift in Sources */,
			);
			runOnlyForDeploymentPostprocessing = 0;
		};
		1FD571921B16534100DBBC76 /* Sources */ = {
			isa = PBXSourcesBuildPhase;
			buildActionMask = 2147483647;
			files = (
				1FD5719D1B16534100DBBC76 /* TouchTrackerTests.swift in Sources */,
			);
			runOnlyForDeploymentPostprocessing = 0;
		};
/* End PBXSourcesBuildPhase section */

/* Begin PBXTargetDependency section */
		1FD571981B16534100DBBC76 /* PBXTargetDependency */ = {
			isa = PBXTargetDependency;
			target = 1FD571801B16534000DBBC76 /* TouchTracker */;
			targetProxy = 1FD571971B16534100DBBC76 /* PBXContainerItemProxy */;
		};
/* End PBXTargetDependency section */

/* Begin PBXVariantGroup section */
		1FD5718F1B16534000DBBC76 /* LaunchScreen.xib */ = {
			isa = PBXVariantGroup;
			children = (
				1FD571901B16534000DBBC76 /* Base */,
			);
			name = LaunchScreen.xib;
			sourceTree = "<group>";
		};
/* End PBXVariantGroup section */

/* Begin XCBuildConfiguration section */
		1FD5719E1B16534100DBBC76 /* Debug */ = {
			isa = XCBuildConfiguration;
			buildSettings = {
				ALWAYS_SEARCH_USER_PATHS = NO;
				CLANG_CXX_LANGUAGE_STANDARD = "gnu++0x";
				CLANG_CXX_LIBRARY = "libc++";
				CLANG_ENABLE_MODULES = YES;
				CLANG_ENABLE_OBJC_ARC = YES;
				CLANG_WARN_BOOL_CONVERSION = YES;
				CLANG_WARN_CONSTANT_CONVERSION = YES;
				CLANG_WARN_DIRECT_OBJC_ISA_USAGE = YES_ERROR;
				CLANG_WARN_EMPTY_BODY = YES;
				CLANG_WARN_ENUM_CONVERSION = YES;
				CLANG_WARN_INT_CONVERSION = YES;
				CLANG_WARN_OBJC_ROOT_CLASS = YES_ERROR;
				CLANG_WARN_UNREACHABLE_CODE = YES;
				CLANG_WARN__DUPLICATE_METHOD_MATCH = YES;
				"CODE_SIGN_IDENTITY[sdk=iphoneos*]" = "iPhone Developer";
				COPY_PHASE_STRIP = NO;
				DEBUG_INFORMATION_FORMAT = "dwarf-with-dsym";
				ENABLE_STRICT_OBJC_MSGSEND = YES;
				GCC_C_LANGUAGE_STANDARD = gnu99;
				GCC_DYNAMIC_NO_PIC = NO;
				GCC_NO_COMMON_BLOCKS = YES;
				GCC_OPTIMIZATION_LEVEL = 0;
				GCC_PREPROCESSOR_DEFINITIONS = (
					"DEBUG=1",
					"$(inherited)",
				);
				GCC_SYMBOLS_PRIVATE_EXTERN = NO;
				GCC_WARN_64_TO_32_BIT_CONVERSION = YES;
				GCC_WARN_ABOUT_RETURN_TYPE = YES_ERROR;
				GCC_WARN_UNDECLARED_SELECTOR = YES;
				GCC_WARN_UNINITIALIZED_AUTOS = YES_AGGRESSIVE;
				GCC_WARN_UNUSED_FUNCTION = YES;
				GCC_WARN_UNUSED_VARIABLE = YES;
				IPHONEOS_DEPLOYMENT_TARGET = 8.3;
				MTL_ENABLE_DEBUG_INFO = YES;
				ONLY_ACTIVE_ARCH = YES;
				SDKROOT = iphoneos;
				SWIFT_OPTIMIZATION_LEVEL = "-Onone";
				TARGETED_DEVICE_FAMILY = "1,2";
			};
			name = Debug;
		};
		1FD5719F1B16534100DBBC76 /* Release */ = {
			isa = XCBuildConfiguration;
			buildSettings = {
				ALWAYS_SEARCH_USER_PATHS = NO;
				CLANG_CXX_LANGUAGE_STANDARD = "gnu++0x";
				CLANG_CXX_LIBRARY = "libc++";
				CLANG_ENABLE_MODULES = YES;
				CLANG_ENABLE_OBJC_ARC = YES;
				CLANG_WARN_BOOL_CONVERSION = YES;
				CLANG_WARN_CONSTANT_CONVERSION = YES;
				CLANG_WARN_DIRECT_OBJC_ISA_USAGE = YES_ERROR;
				CLANG_WARN_EMPTY_BODY = YES;
				CLANG_WARN_ENUM_CONVERSION = YES;
				CLANG_WARN_INT_CONVERSION = YES;
				CLANG_WARN_OBJC_ROOT_CLASS = YES_ERROR;
				CLANG_WARN_UNREACHABLE_CODE = YES;
				CLANG_WARN__DUPLICATE_METHOD_MATCH = YES;
				"CODE_SIGN_IDENTITY[sdk=iphoneos*]" = "iPhone Developer";
				COPY_PHASE_STRIP = NO;
				DEBUG_INFORMATION_FORMAT = "dwarf-with-dsym";
				ENABLE_NS_ASSERTIONS = NO;
				ENABLE_STRICT_OBJC_MSGSEND = YES;
				GCC_C_LANGUAGE_STANDARD = gnu99;
				GCC_NO_COMMON_BLOCKS = YES;
				GCC_WARN_64_TO_32_BIT_CONVERSION = YES;
				GCC_WARN_ABOUT_RETURN_TYPE = YES_ERROR;
				GCC_WARN_UNDECLARED_SELECTOR = YES;
				GCC_WARN_UNINITIALIZED_AUTOS = YES_AGGRESSIVE;
				GCC_WARN_UNUSED_FUNCTION = YES;
				GCC_WARN_UNUSED_VARIABLE = YES;
				IPHONEOS_DEPLOYMENT_TARGET = 8.3;
				MTL_ENABLE_DEBUG_INFO = NO;
				SDKROOT = iphoneos;
				TARGETED_DEVICE_FAMILY = "1,2";
				VALIDATE_PRODUCT = YES;
			};
			name = Release;
		};
		1FD571A11B16534100DBBC76 /* Debug */ = {
			isa = XCBuildConfiguration;
			buildSettings = {
				ASSETCATALOG_COMPILER_APPICON_NAME = AppIcon;
				INFOPLIST_FILE = TouchTracker/Info.plist;
				LD_RUNPATH_SEARCH_PATHS = "$(inherited) @executable_path/Frameworks";
				PRODUCT_NAME = "$(TARGET_NAME)";
			};
			name = Debug;
		};
		1FD571A21B16534100DBBC76 /* Release */ = {
			isa = XCBuildConfiguration;
			buildSettings = {
				ASSETCATALOG_COMPILER_APPICON_NAME = AppIcon;
				INFOPLIST_FILE = TouchTracker/Info.plist;
				LD_RUNPATH_SEARCH_PATHS = "$(inherited) @executable_path/Frameworks";
				PRODUCT_NAME = "$(TARGET_NAME)";
			};
			name = Release;
		};
		1FD571A41B16534100DBBC76 /* Debug */ = {
			isa = XCBuildConfiguration;
			buildSettings = {
				BUNDLE_LOADER = "$(TEST_HOST)";
				FRAMEWORK_SEARCH_PATHS = (
					"$(SDKROOT)/Developer/Library/Frameworks",
					"$(inherited)",
				);
				GCC_PREPROCESSOR_DEFINITIONS = (
					"DEBUG=1",
					"$(inherited)",
				);
				INFOPLIST_FILE = TouchTrackerTests/Info.plist;
				LD_RUNPATH_SEARCH_PATHS = "$(inherited) @executable_path/Frameworks @loader_path/Frameworks";
				PRODUCT_NAME = "$(TARGET_NAME)";
				TEST_HOST = "$(BUILT_PRODUCTS_DIR)/TouchTracker.app/TouchTracker";
			};
			name = Debug;
		};
		1FD571A51B16534100DBBC76 /* Release */ = {
			isa = XCBuildConfiguration;
			buildSettings = {
				BUNDLE_LOADER = "$(TEST_HOST)";
				FRAMEWORK_SEARCH_PATHS = (
					"$(SDKROOT)/Developer/Library/Frameworks",
					"$(inherited)",
				);
				INFOPLIST_FILE = TouchTrackerTests/Info.plist;
				LD_RUNPATH_SEARCH_PATHS = "$(inherited) @executable_path/Frameworks @loader_path/Frameworks";
				PRODUCT_NAME = "$(TARGET_NAME)";
				TEST_HOST = "$(BUILT_PRODUCTS_DIR)/TouchTracker.app/TouchTracker";
			};
			name = Release;
		};
/* End XCBuildConfiguration section */

/* Begin XCConfigurationList section */
		1FD5717C1B16534000DBBC76 /* Build configuration list for PBXProject "TouchTracker" */ = {
			isa = XCConfigurationList;
			buildConfigurations = (
				1FD5719E1B16534100DBBC76 /* Debug */,
				1FD5719F1B16534100DBBC76 /* Release */,
			);
			defaultConfigurationIsVisible = 0;
			defaultConfigurationName = Release;
		};
		1FD571A01B16534100DBBC76 /* Build configuration list for PBXNativeTarget "TouchTracker" */ = {
			isa = XCConfigurationList;
			buildConfigurations = (
				1FD571A11B16534100DBBC76 /* Debug */,
				1FD571A21B16534100DBBC76 /* Release */,
			);
			defaultConfigurationIsVisible = 0;
		};
		1FD571A31B16534100DBBC76 /* Build configuration list for PBXNativeTarget "TouchTrackerTests" */ = {
			isa = XCConfigurationList;
			buildConfigurations = (
				1FD571A41B16534100DBBC76 /* Debug */,
				1FD571A51B16534100DBBC76 /* Release */,
			);
			defaultConfigurationIsVisible = 0;
		};
/* End XCConfigurationList section */
	};
	rootObject = 1FD571791B16534000DBBC76 /* Project object */;
}
